// !$*UTF8*$!
{
	archiveVersion = 1;
	classes = {
	};
	objectVersion = 50;
	objects = {

/* Begin PBXBuildFile section */
		5C0EB34925E47E4300A08C95 /* LearnMorseApp.swift in Sources */ = {isa = PBXBuildFile; fileRef = 5C0EB33625E47E4200A08C95 /* LearnMorseApp.swift */; };
		5C0EB34A25E47E4300A08C95 /* LearnMorseApp.swift in Sources */ = {isa = PBXBuildFile; fileRef = 5C0EB33625E47E4200A08C95 /* LearnMorseApp.swift */; };
		5C0EB34B25E47E4300A08C95 /* ContentView.swift in Sources */ = {isa = PBXBuildFile; fileRef = 5C0EB33725E47E4200A08C95 /* ContentView.swift */; };
		5C0EB34C25E47E4300A08C95 /* ContentView.swift in Sources */ = {isa = PBXBuildFile; fileRef = 5C0EB33725E47E4200A08C95 /* ContentView.swift */; };
		5C0EB34D25E47E4300A08C95 /* Assets.xcassets in Resources */ = {isa = PBXBuildFile; fileRef = 5C0EB33825E47E4300A08C95 /* Assets.xcassets */; };
		5C0EB34E25E47E4300A08C95 /* Assets.xcassets in Resources */ = {isa = PBXBuildFile; fileRef = 5C0EB33825E47E4300A08C95 /* Assets.xcassets */; };
/* End PBXBuildFile section */

/* Begin PBXFileReference section */
		5C0EB33625E47E4200A08C95 /* LearnMorseApp.swift */ = {isa = PBXFileReference; lastKnownFileType = sourcecode.swift; path = LearnMorseApp.swift; sourceTree = "<group>"; };
		5C0EB33725E47E4200A08C95 /* ContentView.swift */ = {isa = PBXFileReference; lastKnownFileType = sourcecode.swift; path = ContentView.swift; sourceTree = "<group>"; };
		5C0EB33825E47E4300A08C95 /* Assets.xcassets */ = {isa = PBXFileReference; lastKnownFileType = folder.assetcatalog; path = Assets.xcassets; sourceTree = "<group>"; };
		5C0EB33D25E47E4300A08C95 /* LearnMorse.app */ = {isa = PBXFileReference; explicitFileType = wrapper.application; includeInIndex = 0; path = LearnMorse.app; sourceTree = BUILT_PRODUCTS_DIR; };
		5C0EB34025E47E4300A08C95 /* Info.plist */ = {isa = PBXFileReference; lastKnownFileType = text.plist.xml; path = Info.plist; sourceTree = "<group>"; };
		5C0EB34525E47E4300A08C95 /* LearnMorse.app */ = {isa = PBXFileReference; explicitFileType = wrapper.application; includeInIndex = 0; path = LearnMorse.app; sourceTree = BUILT_PRODUCTS_DIR; };
		5C0EB34725E47E4300A08C95 /* Info.plist */ = {isa = PBXFileReference; lastKnownFileType = text.plist.xml; path = Info.plist; sourceTree = "<group>"; };
		5C0EB34825E47E4300A08C95 /* macOS.entitlements */ = {isa = PBXFileReference; lastKnownFileType = text.plist.entitlements; path = macOS.entitlements; sourceTree = "<group>"; };
/* End PBXFileReference section */

/* Begin PBXFrameworksBuildPhase section */
		5C0EB33A25E47E4300A08C95 /* Frameworks */ = {
			isa = PBXFrameworksBuildPhase;
			buildActionMask = 2147483647;
			files = (
			);
			runOnlyForDeploymentPostprocessing = 0;
		};
		5C0EB34225E47E4300A08C95 /* Frameworks */ = {
			isa = PBXFrameworksBuildPhase;
			buildActionMask = 2147483647;
			files = (
			);
			runOnlyForDeploymentPostprocessing = 0;
		};
/* End PBXFrameworksBuildPhase section */

/* Begin PBXGroup section */
		5C0EB33025E47E4200A08C95 = {
			isa = PBXGroup;
			children = (
				5C0EB33525E47E4200A08C95 /* Shared */,
				5C0EB33F25E47E4300A08C95 /* iOS */,
				5C0EB34625E47E4300A08C95 /* macOS */,
				5C0EB33E25E47E4300A08C95 /* Products */,
			);
			sourceTree = "<group>";
		};
		5C0EB33525E47E4200A08C95 /* Shared */ = {
			isa = PBXGroup;
			children = (
				5C0EB33625E47E4200A08C95 /* LearnMorseApp.swift */,
				5C0EB33725E47E4200A08C95 /* ContentView.swift */,
				5C0EB33825E47E4300A08C95 /* Assets.xcassets */,
			);
			path = Shared;
			sourceTree = "<group>";
		};
		5C0EB33E25E47E4300A08C95 /* Products */ = {
			isa = PBXGroup;
			children = (
				5C0EB33D25E47E4300A08C95 /* LearnMorse.app */,
				5C0EB34525E47E4300A08C95 /* LearnMorse.app */,
			);
			name = Products;
			sourceTree = "<group>";
		};
		5C0EB33F25E47E4300A08C95 /* iOS */ = {
			isa = PBXGroup;
			children = (
				5C0EB34025E47E4300A08C95 /* Info.plist */,
			);
			path = iOS;
			sourceTree = "<group>";
		};
		5C0EB34625E47E4300A08C95 /* macOS */ = {
			isa = PBXGroup;
			children = (
				5C0EB34725E47E4300A08C95 /* Info.plist */,
				5C0EB34825E47E4300A08C95 /* macOS.entitlements */,
			);
			path = macOS;
			sourceTree = "<group>";
		};
/* End PBXGroup section */

/* Begin PBXNativeTarget section */
		5C0EB33C25E47E4300A08C95 /* LearnMorse (iOS) */ = {
			isa = PBXNativeTarget;
			buildConfigurationList = 5C0EB35125E47E4300A08C95 /* Build configuration list for PBXNativeTarget "LearnMorse (iOS)" */;
			buildPhases = (
				5C0EB33925E47E4300A08C95 /* Sources */,
				5C0EB33A25E47E4300A08C95 /* Frameworks */,
				5C0EB33B25E47E4300A08C95 /* Resources */,
			);
			buildRules = (
			);
			dependencies = (
			);
			name = "LearnMorse (iOS)";
			productName = "LearnMorse (iOS)";
			productReference = 5C0EB33D25E47E4300A08C95 /* LearnMorse.app */;
			productType = "com.apple.product-type.application";
		};
		5C0EB34425E47E4300A08C95 /* LearnMorse (macOS) */ = {
			isa = PBXNativeTarget;
			buildConfigurationList = 5C0EB35425E47E4300A08C95 /* Build configuration list for PBXNativeTarget "LearnMorse (macOS)" */;
			buildPhases = (
				5C0EB34125E47E4300A08C95 /* Sources */,
				5C0EB34225E47E4300A08C95 /* Frameworks */,
				5C0EB34325E47E4300A08C95 /* Resources */,
			);
			buildRules = (
			);
			dependencies = (
			);
			name = "LearnMorse (macOS)";
			productName = "LearnMorse (macOS)";
			productReference = 5C0EB34525E47E4300A08C95 /* LearnMorse.app */;
			productType = "com.apple.product-type.application";
		};
/* End PBXNativeTarget section */

/* Begin PBXProject section */
		5C0EB33125E47E4200A08C95 /* Project object */ = {
			isa = PBXProject;
			attributes = {
				LastSwiftUpdateCheck = 1240;
				LastUpgradeCheck = 1240;
				TargetAttributes = {
					5C0EB33C25E47E4300A08C95 = {
						CreatedOnToolsVersion = 12.4;
					};
					5C0EB34425E47E4300A08C95 = {
						CreatedOnToolsVersion = 12.4;
					};
				};
			};
			buildConfigurationList = 5C0EB33425E47E4200A08C95 /* Build configuration list for PBXProject "LearnMorse" */;
			compatibilityVersion = "Xcode 9.3";
			developmentRegion = en;
			hasScannedForEncodings = 0;
			knownRegions = (
				en,
				Base,
			);
			mainGroup = 5C0EB33025E47E4200A08C95;
			productRefGroup = 5C0EB33E25E47E4300A08C95 /* Products */;
			projectDirPath = "";
			projectRoot = "";
			targets = (
				5C0EB33C25E47E4300A08C95 /* LearnMorse (iOS) */,
				5C0EB34425E47E4300A08C95 /* LearnMorse (macOS) */,
			);
		};
/* End PBXProject section */

/* Begin PBXResourcesBuildPhase section */
		5C0EB33B25E47E4300A08C95 /* Resources */ = {
			isa = PBXResourcesBuildPhase;
			buildActionMask = 2147483647;
			files = (
				5C0EB34D25E47E4300A08C95 /* Assets.xcassets in Resources */,
			);
			runOnlyForDeploymentPostprocessing = 0;
		};
		5C0EB34325E47E4300A08C95 /* Resources */ = {
			isa = PBXResourcesBuildPhase;
			buildActionMask = 2147483647;
			files = (
				5C0EB34E25E47E4300A08C95 /* Assets.xcassets in Resources */,
			);
			runOnlyForDeploymentPostprocessing = 0;
		};
/* End PBXResourcesBuildPhase section */

/* Begin PBXSourcesBuildPhase section */
		5C0EB33925E47E4300A08C95 /* Sources */ = {
			isa = PBXSourcesBuildPhase;
			buildActionMask = 2147483647;
			files = (
				5C0EB34B25E47E4300A08C95 /* ContentView.swift in Sources */,
				5C0EB34925E47E4300A08C95 /* LearnMorseApp.swift in Sources */,
			);
			runOnlyForDeploymentPostprocessing = 0;
		};
		5C0EB34125E47E4300A08C95 /* Sources */ = {
			isa = PBXSourcesBuildPhase;
			buildActionMask = 2147483647;
			files = (
				5C0EB34C25E47E4300A08C95 /* ContentView.swift in Sources */,
				5C0EB34A25E47E4300A08C95 /* LearnMorseApp.swift in Sources */,
			);
			runOnlyForDeploymentPostprocessing = 0;
		};
/* End PBXSourcesBuildPhase section */

/* Begin XCBuildConfiguration section */
		5C0EB34F25E47E4300A08C95 /* Debug */ = {
			isa = XCBuildConfiguration;
			buildSettings = {
				ALWAYS_SEARCH_USER_PATHS = NO;
				CLANG_ANALYZER_NONNULL = YES;
				CLANG_ANALYZER_NUMBER_OBJECT_CONVERSION = YES_AGGRESSIVE;
				CLANG_CXX_LANGUAGE_STANDARD = "gnu++14";
				CLANG_CXX_LIBRARY = "libc++";
				CLANG_ENABLE_MODULES = YES;
				CLANG_ENABLE_OBJC_ARC = YES;
				CLANG_ENABLE_OBJC_WEAK = YES;
				CLANG_WARN_BLOCK_CAPTURE_AUTORELEASING = YES;
				CLANG_WARN_BOOL_CONVERSION = YES;
				CLANG_WARN_COMMA = YES;
				CLANG_WARN_CONSTANT_CONVERSION = YES;
				CLANG_WARN_DEPRECATED_OBJC_IMPLEMENTATIONS = YES;
				CLANG_WARN_DIRECT_OBJC_ISA_USAGE = YES_ERROR;
				CLANG_WARN_DOCUMENTATION_COMMENTS = YES;
				CLANG_WARN_EMPTY_BODY = YES;
				CLANG_WARN_ENUM_CONVERSION = YES;
				CLANG_WARN_INFINITE_RECURSION = YES;
				CLANG_WARN_INT_CONVERSION = YES;
				CLANG_WARN_NON_LITERAL_NULL_CONVERSION = YES;
				CLANG_WARN_OBJC_IMPLICIT_RETAIN_SELF = YES;
				CLANG_WARN_OBJC_LITERAL_CONVERSION = YES;
				CLANG_WARN_OBJC_ROOT_CLASS = YES_ERROR;
				CLANG_WARN_QUOTED_INCLUDE_IN_FRAMEWORK_HEADER = YES;
				CLANG_WARN_RANGE_LOOP_ANALYSIS = YES;
				CLANG_WARN_STRICT_PROTOTYPES = YES;
				CLANG_WARN_SUSPICIOUS_MOVE = YES;
				CLANG_WARN_UNGUARDED_AVAILABILITY = YES_AGGRESSIVE;
				CLANG_WARN_UNREACHABLE_CODE = YES;
				CLANG_WARN__DUPLICATE_METHOD_MATCH = YES;
				COPY_PHASE_STRIP = NO;
				DEBUG_INFORMATION_FORMAT = dwarf;
				ENABLE_STRICT_OBJC_MSGSEND = YES;
				ENABLE_TESTABILITY = YES;
				GCC_C_LANGUAGE_STANDARD = gnu11;
				GCC_DYNAMIC_NO_PIC = NO;
				GCC_NO_COMMON_BLOCKS = YES;
				GCC_OPTIMIZATION_LEVEL = 0;
				GCC_PREPROCESSOR_DEFINITIONS = (
					"DEBUG=1",
					"$(inherited)",
				);
				GCC_WARN_64_TO_32_BIT_CONVERSION = YES;
				GCC_WARN_ABOUT_RETURN_TYPE = YES_ERROR;
				GCC_WARN_UNDECLARED_SELECTOR = YES;
				GCC_WARN_UNINITIALIZED_AUTOS = YES_AGGRESSIVE;
				GCC_WARN_UNUSED_FUNCTION = YES;
				GCC_WARN_UNUSED_VARIABLE = YES;
				MTL_ENABLE_DEBUG_INFO = INCLUDE_SOURCE;
				MTL_FAST_MATH = YES;
				ONLY_ACTIVE_ARCH = YES;
				SWIFT_ACTIVE_COMPILATION_CONDITIONS = DEBUG;
				SWIFT_OPTIMIZATION_LEVEL = "-Onone";
			};
			name = Debug;
		};
		5C0EB35025E47E4300A08C95 /* Release */ = {
			isa = XCBuildConfiguration;
			buildSettings = {
				ALWAYS_SEARCH_USER_PATHS = NO;
				CLANG_ANALYZER_NONNULL = YES;
				CLANG_ANALYZER_NUMBER_OBJECT_CONVERSION = YES_AGGRESSIVE;
				CLANG_CXX_LANGUAGE_STANDARD = "gnu++14";
				CLANG_CXX_LIBRARY = "libc++";
				CLANG_ENABLE_MODULES = YES;
				CLANG_ENABLE_OBJC_ARC = YES;
				CLANG_ENABLE_OBJC_WEAK = YES;
				CLANG_WARN_BLOCK_CAPTURE_AUTORELEASING = YES;
				CLANG_WARN_BOOL_CONVERSION = YES;
				CLANG_WARN_COMMA = YES;
				CLANG_WARN_CONSTANT_CONVERSION = YES;
				CLANG_WARN_DEPRECATED_OBJC_IMPLEMENTATIONS = YES;
				CLANG_WARN_DIRECT_OBJC_ISA_USAGE = YES_ERROR;
				CLANG_WARN_DOCUMENTATION_COMMENTS = YES;
				CLANG_WARN_EMPTY_BODY = YES;
				CLANG_WARN_ENUM_CONVERSION = YES;
				CLANG_WARN_INFINITE_RECURSION = YES;
				CLANG_WARN_INT_CONVERSION = YES;
				CLANG_WARN_NON_LITERAL_NULL_CONVERSION = YES;
				CLANG_WARN_OBJC_IMPLICIT_RETAIN_SELF = YES;
				CLANG_WARN_OBJC_LITERAL_CONVERSION = YES;
				CLANG_WARN_OBJC_ROOT_CLASS = YES_ERROR;
				CLANG_WARN_QUOTED_INCLUDE_IN_FRAMEWORK_HEADER = YES;
				CLANG_WARN_RANGE_LOOP_ANALYSIS = YES;
				CLANG_WARN_STRICT_PROTOTYPES = YES;
				CLANG_WARN_SUSPICIOUS_MOVE = YES;
				CLANG_WARN_UNGUARDED_AVAILABILITY = YES_AGGRESSIVE;
				CLANG_WARN_UNREACHABLE_CODE = YES;
				CLANG_WARN__DUPLICATE_METHOD_MATCH = YES;
				COPY_PHASE_STRIP = NO;
				DEBUG_INFORMATION_FORMAT = "dwarf-with-dsym";
				ENABLE_NS_ASSERTIONS = NO;
				ENABLE_STRICT_OBJC_MSGSEND = YES;
				GCC_C_LANGUAGE_STANDARD = gnu11;
				GCC_NO_COMMON_BLOCKS = YES;
				GCC_WARN_64_TO_32_BIT_CONVERSION = YES;
				GCC_WARN_ABOUT_RETURN_TYPE = YES_ERROR;
				GCC_WARN_UNDECLARED_SELECTOR = YES;
				GCC_WARN_UNINITIALIZED_AUTOS = YES_AGGRESSIVE;
				GCC_WARN_UNUSED_FUNCTION = YES;
				GCC_WARN_UNUSED_VARIABLE = YES;
				MTL_ENABLE_DEBUG_INFO = NO;
				MTL_FAST_MATH = YES;
				SWIFT_COMPILATION_MODE = wholemodule;
				SWIFT_OPTIMIZATION_LEVEL = "-O";
			};
			name = Release;
		};
		5C0EB35225E47E4300A08C95 /* Debug */ = {
			isa = XCBuildConfiguration;
			buildSettings = {
				ASSETCATALOG_COMPILER_APPICON_NAME = AppIcon;
				ASSETCATALOG_COMPILER_GLOBAL_ACCENT_COLOR_NAME = AccentColor;
				CODE_SIGN_STYLE = Automatic;
				DEVELOPMENT_TEAM = 8M8SAX62V2;
				ENABLE_PREVIEWS = YES;
				INFOPLIST_FILE = iOS/Info.plist;
				IPHONEOS_DEPLOYMENT_TARGET = 14.0;
				LD_RUNPATH_SEARCH_PATHS = (
					"$(inherited)",
					"@executable_path/Frameworks",
				);
				PRODUCT_BUNDLE_IDENTIFIER = AccessibleApps.LearnMorse;
				PRODUCT_NAME = LearnMorse;
				SDKROOT = iphoneos;
				SWIFT_VERSION = 5.0;
				TARGETED_DEVICE_FAMILY = "1,2";
			};
			name = Debug;
		};
		5C0EB35325E47E4300A08C95 /* Release */ = {
			isa = XCBuildConfiguration;
			buildSettings = {
				ASSETCATALOG_COMPILER_APPICON_NAME = AppIcon;
				ASSETCATALOG_COMPILER_GLOBAL_ACCENT_COLOR_NAME = AccentColor;
				CODE_SIGN_STYLE = Automatic;
				DEVELOPMENT_TEAM = 8M8SAX62V2;
				ENABLE_PREVIEWS = YES;
				INFOPLIST_FILE = iOS/Info.plist;
				IPHONEOS_DEPLOYMENT_TARGET = 14.0;
				LD_RUNPATH_SEARCH_PATHS = (
					"$(inherited)",
					"@executable_path/Frameworks",
				);
				PRODUCT_BUNDLE_IDENTIFIER = AccessibleApps.LearnMorse;
				PRODUCT_NAME = LearnMorse;
				SDKROOT = iphoneos;
				SWIFT_VERSION = 5.0;
				TARGETED_DEVICE_FAMILY = "1,2";
				VALIDATE_PRODUCT = YES;
			};
			name = Release;
		};
		5C0EB35525E47E4300A08C95 /* Debug */ = {
			isa = XCBuildConfiguration;
			buildSettings = {
				ASSETCATALOG_COMPILER_APPICON_NAME = AppIcon;
				ASSETCATALOG_COMPILER_GLOBAL_ACCENT_COLOR_NAME = AccentColor;
				CODE_SIGN_ENTITLEMENTS = macOS/macOS.entitlements;
				CODE_SIGN_STYLE = Automatic;
				COMBINE_HIDPI_IMAGES = YES;
				DEVELOPMENT_TEAM = 8M8SAX62V2;
				ENABLE_HARDENED_RUNTIME = YES;
				ENABLE_PREVIEWS = YES;
				INFOPLIST_FILE = macOS/Info.plist;
				LD_RUNPATH_SEARCH_PATHS = (
					"$(inherited)",
					"@executable_path/../Frameworks",
				);
				MACOSX_DEPLOYMENT_TARGET = 11.0;
				PRODUCT_BUNDLE_IDENTIFIER = AccessibleApps.LearnMorse;
				PRODUCT_NAME = LearnMorse;
				SDKROOT = macosx;
				SWIFT_VERSION = 5.0;
			};
			name = Debug;
		};
		5C0EB35625E47E4300A08C95 /* Release */ = {
			isa = XCBuildConfiguration;
			buildSettings = {
				ASSETCATALOG_COMPILER_APPICON_NAME = AppIcon;
				ASSETCATALOG_COMPILER_GLOBAL_ACCENT_COLOR_NAME = AccentColor;
				CODE_SIGN_ENTITLEMENTS = macOS/macOS.entitlements;
				CODE_SIGN_STYLE = Automatic;
				COMBINE_HIDPI_IMAGES = YES;
				DEVELOPMENT_TEAM = 8M8SAX62V2;
				ENABLE_HARDENED_RUNTIME = YES;
				ENABLE_PREVIEWS = YES;
				INFOPLIST_FILE = macOS/Info.plist;
				LD_RUNPATH_SEARCH_PATHS = (
					"$(inherited)",
					"@executable_path/../Frameworks",
				);
				MACOSX_DEPLOYMENT_TARGET = 11.0;
				PRODUCT_BUNDLE_IDENTIFIER = AccessibleApps.LearnMorse;
				PRODUCT_NAME = LearnMorse;
				SDKROOT = macosx;
				SWIFT_VERSION = 5.0;
			};
			name = Release;
		};
/* End XCBuildConfiguration section */

/* Begin XCConfigurationList section */
		5C0EB33425E47E4200A08C95 /* Build configuration list for PBXProject "LearnMorse" */ = {
			isa = XCConfigurationList;
			buildConfigurations = (
				5C0EB34F25E47E4300A08C95 /* Debug */,
				5C0EB35025E47E4300A08C95 /* Release */,
			);
			defaultConfigurationIsVisible = 0;
			defaultConfigurationName = Release;
		};
		5C0EB35125E47E4300A08C95 /* Build configuration list for PBXNativeTarget "LearnMorse (iOS)" */ = {
			isa = XCConfigurationList;
			buildConfigurations = (
				5C0EB35225E47E4300A08C95 /* Debug */,
				5C0EB35325E47E4300A08C95 /* Release */,
			);
			defaultConfigurationIsVisible = 0;
			defaultConfigurationName = Release;
		};
		5C0EB35425E47E4300A08C95 /* Build configuration list for PBXNativeTarget "LearnMorse (macOS)" */ = {
			isa = XCConfigurationList;
			buildConfigurations = (
				5C0EB35525E47E4300A08C95 /* Debug */,
				5C0EB35625E47E4300A08C95 /* Release */,
			);
			defaultConfigurationIsVisible = 0;
			defaultConfigurationName = Release;
		};
/* End XCConfigurationList section */
	};
	rootObject = 5C0EB33125E47E4200A08C95 /* Project object */;
}
